
Microsoft Visual Studio Solution File, Format Version 12.00
# Visual Studio Version 16
VisualStudioVersion = 16.0.31129.286
MinimumVisualStudioVersion = 10.0.40219.1
Project("{9A19103F-16F7-4668-BE54-9A1E7A4F7556}") = "DevIO.Business", "src\DevIO.Business\DevIO.Business.csproj", "{61936C9C-BFD5-48F1-94E7-EDB15D70F551}"
EndProject
Project("{9A19103F-16F7-4668-BE54-9A1E7A4F7556}") = "DevIO.Data", "src\DevIO.Data\DevIO.Data.csproj", "{F9B26DBE-4B38-431C-8D01-7BF4F40B5DFC}"
EndProject
Project("{FAE04EC0-301F-11D3-BF4B-00C04F79EFBC}") = "DevIO.Api", "src\DevIO.Api\DevIO.Api.csproj", "{A46FA440-7B24-49DF-AEC9-F8E8F4DCD703}"
EndProject
Global
	GlobalSection(SolutionConfigurationPlatforms) = preSolution
		Debug|Any CPU = Debug|Any CPU
		Release|Any CPU = Release|Any CPU
	EndGlobalSection
	GlobalSection(ProjectConfigurationPlatforms) = postSolution
		{61936C9C-BFD5-48F1-94E7-EDB15D70F551}.Debug|Any CPU.ActiveCfg = Debug|Any CPU
		{61936C9C-BFD5-48F1-94E7-EDB15D70F551}.Debug|Any CPU.Build.0 = Debug|Any CPU
		{61936C9C-BFD5-48F1-94E7-EDB15D70F551}.Release|Any CPU.ActiveCfg = Release|Any CPU
		{61936C9C-BFD5-48F1-94E7-EDB15D70F551}.Release|Any CPU.Build.0 = Release|Any CPU
		{F9B26DBE-4B38-431C-8D01-7BF4F40B5DFC}.Debug|Any CPU.ActiveCfg = Debug|Any CPU
		{F9B26DBE-4B38-431C-8D01-7BF4F40B5DFC}.Debug|Any CPU.Build.0 = Debug|Any CPU
		{F9B26DBE-4B38-431C-8D01-7BF4F40B5DFC}.Release|Any CPU.ActiveCfg = Release|Any CPU
		{F9B26DBE-4B38-431C-8D01-7BF4F40B5DFC}.Release|Any CPU.Build.0 = Release|Any CPU
		{A46FA440-7B24-49DF-AEC9-F8E8F4DCD703}.Debug|Any CPU.ActiveCfg = Debug|Any CPU
		{A46FA440-7B24-49DF-AEC9-F8E8F4DCD703}.Debug|Any CPU.Build.0 = Debug|Any CPU
		{A46FA440-7B24-49DF-AEC9-F8E8F4DCD703}.Release|Any CPU.ActiveCfg = Release|Any CPU
		{A46FA440-7B24-49DF-AEC9-F8E8F4DCD703}.Release|Any CPU.Build.0 = Release|Any CPU
	EndGlobalSection
	GlobalSection(SolutionProperties) = preSolution
		HideSolutionNode = FALSE
	EndGlobalSection
	GlobalSection(ExtensibilityGlobals) = postSolution
		SolutionGuid = {D97F9285-B437-40F1-9F61-B00250D3D525}
	EndGlobalSection
EndGlobal
